
Microsoft Visual Studio Solution File, Format Version 12.00
# Visual Studio Version 17
VisualStudioVersion = 17.0.31919.166
MinimumVisualStudioVersion = 10.0.40219.1
Project("{9A19103F-16F7-4668-BE54-9A1E7A4F7556}") = "Mock.Application", "Mock.Application\Mock.Application.csproj", "{EFC580E0-305C-4DCD-89EE-39D2ACC1B7CE}"
EndProject
Project("{9A19103F-16F7-4668-BE54-9A1E7A4F7556}") = "Mock.Application.Tests", "Mock.Application.Tests\Mock.Application.Tests.csproj", "{A78176F7-EA3A-435F-B358-D550FE9E067B}"
EndProject
Project("{2150E333-8FDC-42A3-9474-1A3956D46DE8}") = "Solution Items", "Solution Items", "{C5DA70D4-DB4F-4BED-93E5-E7AC16E0DEEF}"
	ProjectSection(SolutionItems) = preProject
		.gitignore = .gitignore
	EndProjectSection
EndProject
Global
	GlobalSection(SolutionConfigurationPlatforms) = preSolution
		Debug|Any CPU = Debug|Any CPU
		Release|Any CPU = Release|Any CPU
	EndGlobalSection
	GlobalSection(ProjectConfigurationPlatforms) = postSolution
		{EFC580E0-305C-4DCD-89EE-39D2ACC1B7CE}.Debug|Any CPU.ActiveCfg = Debug|Any CPU
		{EFC580E0-305C-4DCD-89EE-39D2ACC1B7CE}.Debug|Any CPU.Build.0 = Debug|Any CPU
		{EFC580E0-305C-4DCD-89EE-39D2ACC1B7CE}.Release|Any CPU.ActiveCfg = Release|Any CPU
		{EFC580E0-305C-4DCD-89EE-39D2ACC1B7CE}.Release|Any CPU.Build.0 = Release|Any CPU
		{A78176F7-EA3A-435F-B358-D550FE9E067B}.Debug|Any CPU.ActiveCfg = Debug|Any CPU
		{A78176F7-EA3A-435F-B358-D550FE9E067B}.Debug|Any CPU.Build.0 = Debug|Any CPU
		{A78176F7-EA3A-435F-B358-D550FE9E067B}.Release|Any CPU.ActiveCfg = Release|Any CPU
		{A78176F7-EA3A-435F-B358-D550FE9E067B}.Release|Any CPU.Build.0 = Release|Any CPU
	EndGlobalSection
	GlobalSection(SolutionProperties) = preSolution
		HideSolutionNode = FALSE
	EndGlobalSection
	GlobalSection(ExtensibilityGlobals) = postSolution
		SolutionGuid = {4776B5D7-786A-48A5-826C-5272123E492C}
	EndGlobalSection
EndGlobal
